{
  "originHash" : "0a100554c1bdea50a77fd6528d509de8366ea925e77904113a0e8a24d821f539",
  "pins" : [
    {
      "identity" : "swift-trading-view",
      "kind" : "remoteSourceControl",
      "location" : "https://github.com/sergiikhliustin/swift-trading-view.git",
      "state" : {
        "revision" : "ab6c0c611acebda007c396f6ecfa01228e1aaa34",
        "version" : "1.0.6"
      }
    }
  ],
  "version" : 3
}
